
Microsoft Visual Studio Solution File, Format Version 12.00
# Visual Studio Version 17
VisualStudioVersion = 17.11.35431.28
MinimumVisualStudioVersion = 10.0.40219.1
Project("{FAE04EC0-301F-11D3-BF4B-00C04F79EFBC}") = "UniqloMVC", "UniqloMVC\UniqloMVC.csproj", "{AA9ABEF0-DA16-4D1D-AB08-27DD10CEB2D7}"
EndProject
Global
	GlobalSection(SolutionConfigurationPlatforms) = preSolution
		Debug|Any CPU = Debug|Any CPU
		Release|Any CPU = Release|Any CPU
	EndGlobalSection
	GlobalSection(ProjectConfigurationPlatforms) = postSolution
		{AA9ABEF0-DA16-4D1D-AB08-27DD10CEB2D7}.Debug|Any CPU.ActiveCfg = Debug|Any CPU
		{AA9ABEF0-DA16-4D1D-AB08-27DD10CEB2D7}.Debug|Any CPU.Build.0 = Debug|Any CPU
		{AA9ABEF0-DA16-4D1D-AB08-27DD10CEB2D7}.Release|Any CPU.ActiveCfg = Release|Any CPU
		{AA9ABEF0-DA16-4D1D-AB08-27DD10CEB2D7}.Release|Any CPU.Build.0 = Release|Any CPU
	EndGlobalSection
	GlobalSection(SolutionProperties) = preSolution
		HideSolutionNode = FALSE
	EndGlobalSection
	GlobalSection(ExtensibilityGlobals) = postSolution
		SolutionGuid = {9AF10F6A-E041-443D-B1DE-84A973A129C4}
	EndGlobalSection
EndGlobal
